// !$*UTF8*$!
{
	archiveVersion = 1;
	classes = {
	};
	objectVersion = 46;
	objects = {

/* Begin PBXBuildFile section */
		994EA79B1F224BDE00EB9F08 /* AppDelegate.swift in Sources */ = {isa = PBXBuildFile; fileRef = 994EA79A1F224BDE00EB9F08 /* AppDelegate.swift */; };
		994EA79D1F224BDE00EB9F08 /* ViewController.swift in Sources */ = {isa = PBXBuildFile; fileRef = 994EA79C1F224BDE00EB9F08 /* ViewController.swift */; };
		994EA7A01F224BDE00EB9F08 /* Main.storyboard in Resources */ = {isa = PBXBuildFile; fileRef = 994EA79E1F224BDE00EB9F08 /* Main.storyboard */; };
		994EA7A21F224BDE00EB9F08 /* Assets.xcassets in Resources */ = {isa = PBXBuildFile; fileRef = 994EA7A11F224BDE00EB9F08 /* Assets.xcassets */; };
		994EA7A51F224BDE00EB9F08 /* LaunchScreen.storyboard in Resources */ = {isa = PBXBuildFile; fileRef = 994EA7A31F224BDE00EB9F08 /* LaunchScreen.storyboard */; };
		994EA7AE1F2251B900EB9F08 /* level1.txt in Resources */ = {isa = PBXBuildFile; fileRef = 994EA7AC1F2251B900EB9F08 /* level1.txt */; };
		994EA7AF1F2251B900EB9F08 /* level2.txt in Resources */ = {isa = PBXBuildFile; fileRef = 994EA7AD1F2251B900EB9F08 /* level2.txt */; };
/* End PBXBuildFile section */

/* Begin PBXFileReference section */
		994EA7971F224BDE00EB9F08 /* Project8.app */ = {isa = PBXFileReference; explicitFileType = wrapper.application; includeInIndex = 0; path = Project8.app; sourceTree = BUILT_PRODUCTS_DIR; };
		994EA79A1F224BDE00EB9F08 /* AppDelegate.swift */ = {isa = PBXFileReference; lastKnownFileType = sourcecode.swift; path = AppDelegate.swift; sourceTree = "<group>"; };
		994EA79C1F224BDE00EB9F08 /* ViewController.swift */ = {isa = PBXFileReference; lastKnownFileType = sourcecode.swift; path = ViewController.swift; sourceTree = "<group>"; };
		994EA79F1F224BDE00EB9F08 /* Base */ = {isa = PBXFileReference; lastKnownFileType = file.storyboard; name = Base; path = Base.lproj/Main.storyboard; sourceTree = "<group>"; };
		994EA7A11F224BDE00EB9F08 /* Assets.xcassets */ = {isa = PBXFileReference; lastKnownFileType = folder.assetcatalog; path = Assets.xcassets; sourceTree = "<group>"; };
		994EA7A41F224BDE00EB9F08 /* Base */ = {isa = PBXFileReference; lastKnownFileType = file.storyboard; name = Base; path = Base.lproj/LaunchScreen.storyboard; sourceTree = "<group>"; };
		994EA7A61F224BDE00EB9F08 /* Info.plist */ = {isa = PBXFileReference; lastKnownFileType = text.plist.xml; path = Info.plist; sourceTree = "<group>"; };
		994EA7AC1F2251B900EB9F08 /* level1.txt */ = {isa = PBXFileReference; fileEncoding = 4; lastKnownFileType = text; path = level1.txt; sourceTree = "<group>"; };
		994EA7AD1F2251B900EB9F08 /* level2.txt */ = {isa = PBXFileReference; fileEncoding = 4; lastKnownFileType = text; path = level2.txt; sourceTree = "<group>"; };
/* End PBXFileReference section */

/* Begin PBXFrameworksBuildPhase section */
		994EA7941F224BDE00EB9F08 /* Frameworks */ = {
			isa = PBXFrameworksBuildPhase;
			buildActionMask = 2147483647;
			files = (
			);
			runOnlyForDeploymentPostprocessing = 0;
		};
/* End PBXFrameworksBuildPhase section */

/* Begin PBXGroup section */
		994EA78E1F224BDE00EB9F08 = {
			isa = PBXGroup;
			children = (
				994EA7991F224BDE00EB9F08 /* Project8 */,
				994EA7981F224BDE00EB9F08 /* Products */,
			);
			sourceTree = "<group>";
		};
		994EA7981F224BDE00EB9F08 /* Products */ = {
			isa = PBXGroup;
			children = (
				994EA7971F224BDE00EB9F08 /* Project8.app */,
			);
			name = Products;
			sourceTree = "<group>";
		};
		994EA7991F224BDE00EB9F08 /* Project8 */ = {
			isa = PBXGroup;
			children = (
				994EA79A1F224BDE00EB9F08 /* AppDelegate.swift */,
				994EA79C1F224BDE00EB9F08 /* ViewController.swift */,
				994EA79E1F224BDE00EB9F08 /* Main.storyboard */,
				994EA7A11F224BDE00EB9F08 /* Assets.xcassets */,
				994EA7A31F224BDE00EB9F08 /* LaunchScreen.storyboard */,
				994EA7A61F224BDE00EB9F08 /* Info.plist */,
				994EA7AC1F2251B900EB9F08 /* level1.txt */,
				994EA7AD1F2251B900EB9F08 /* level2.txt */,
			);
			path = Project8;
			sourceTree = "<group>";
		};
/* End PBXGroup section */

/* Begin PBXNativeTarget section */
		994EA7961F224BDE00EB9F08 /* Project8 */ = {
			isa = PBXNativeTarget;
			buildConfigurationList = 994EA7A91F224BDE00EB9F08 /* Build configuration list for PBXNativeTarget "Project8" */;
			buildPhases = (
				994EA7931F224BDE00EB9F08 /* Sources */,
				994EA7941F224BDE00EB9F08 /* Frameworks */,
				994EA7951F224BDE00EB9F08 /* Resources */,
			);
			buildRules = (
			);
			dependencies = (
			);
			name = Project8;
			productName = Project8;
			productReference = 994EA7971F224BDE00EB9F08 /* Project8.app */;
			productType = "com.apple.product-type.application";
		};
/* End PBXNativeTarget section */

/* Begin PBXProject section */
		994EA78F1F224BDE00EB9F08 /* Project object */ = {
			isa = PBXProject;
			attributes = {
				LastSwiftUpdateCheck = 0830;
				LastUpgradeCheck = 0830;
				ORGANIZATIONNAME = "Rodrigo F. Fernandes";
				TargetAttributes = {
					994EA7961F224BDE00EB9F08 = {
						CreatedOnToolsVersion = 8.3.3;
						ProvisioningStyle = Automatic;
					};
				};
			};
			buildConfigurationList = 994EA7921F224BDE00EB9F08 /* Build configuration list for PBXProject "Project8" */;
			compatibilityVersion = "Xcode 3.2";
			developmentRegion = English;
			hasScannedForEncodings = 0;
			knownRegions = (
				en,
				Base,
			);
			mainGroup = 994EA78E1F224BDE00EB9F08;
			productRefGroup = 994EA7981F224BDE00EB9F08 /* Products */;
			projectDirPath = "";
			projectRoot = "";
			targets = (
				994EA7961F224BDE00EB9F08 /* Project8 */,
			);
		};
/* End PBXProject section */

/* Begin PBXResourcesBuildPhase section */
		994EA7951F224BDE00EB9F08 /* Resources */ = {
			isa = PBXResourcesBuildPhase;
			buildActionMask = 2147483647;
			files = (
				994EA7AF1F2251B900EB9F08 /* level2.txt in Resources */,
				994EA7A51F224BDE00EB9F08 /* LaunchScreen.storyboard in Resources */,
				994EA7AE1F2251B900EB9F08 /* level1.txt in Resources */,
				994EA7A21F224BDE00EB9F08 /* Assets.xcassets in Resources */,
				994EA7A01F224BDE00EB9F08 /* Main.storyboard in Resources */,
			);
			runOnlyForDeploymentPostprocessing = 0;
		};
/* End PBXResourcesBuildPhase section */

/* Begin PBXSourcesBuildPhase section */
		994EA7931F224BDE00EB9F08 /* Sources */ = {
			isa = PBXSourcesBuildPhase;
			buildActionMask = 2147483647;
			files = (
				994EA79D1F224BDE00EB9F08 /* ViewController.swift in Sources */,
				994EA79B1F224BDE00EB9F08 /* AppDelegate.swift in Sources */,
			);
			runOnlyForDeploymentPostprocessing = 0;
		};
/* End PBXSourcesBuildPhase section */

/* Begin PBXVariantGroup section */
		994EA79E1F224BDE00EB9F08 /* Main.storyboard */ = {
			isa = PBXVariantGroup;
			children = (
				994EA79F1F224BDE00EB9F08 /* Base */,
			);
			name = Main.storyboard;
			sourceTree = "<group>";
		};
		994EA7A31F224BDE00EB9F08 /* LaunchScreen.storyboard */ = {
			isa = PBXVariantGroup;
			children = (
				994EA7A41F224BDE00EB9F08 /* Base */,
			);
			name = LaunchScreen.storyboard;
			sourceTree = "<group>";
		};
/* End PBXVariantGroup section */

/* Begin XCBuildConfiguration section */
		994EA7A71F224BDE00EB9F08 /* Debug */ = {
			isa = XCBuildConfiguration;
			buildSettings = {
				ALWAYS_SEARCH_USER_PATHS = NO;
				CLANG_ANALYZER_NONNULL = YES;
				CLANG_ANALYZER_NUMBER_OBJECT_CONVERSION = YES_AGGRESSIVE;
				CLANG_CXX_LANGUAGE_STANDARD = "gnu++0x";
				CLANG_CXX_LIBRARY = "libc++";
				CLANG_ENABLE_MODULES = YES;
				CLANG_ENABLE_OBJC_ARC = YES;
				CLANG_WARN_BOOL_CONVERSION = YES;
				CLANG_WARN_CONSTANT_CONVERSION = YES;
				CLANG_WARN_DIRECT_OBJC_ISA_USAGE = YES_ERROR;
				CLANG_WARN_DOCUMENTATION_COMMENTS = YES;
				CLANG_WARN_EMPTY_BODY = YES;
				CLANG_WARN_ENUM_CONVERSION = YES;
				CLANG_WARN_INFINITE_RECURSION = YES;
				CLANG_WARN_INT_CONVERSION = YES;
				CLANG_WARN_OBJC_ROOT_CLASS = YES_ERROR;
				CLANG_WARN_SUSPICIOUS_MOVE = YES;
				CLANG_WARN_UNREACHABLE_CODE = YES;
				CLANG_WARN__DUPLICATE_METHOD_MATCH = YES;
				"CODE_SIGN_IDENTITY[sdk=iphoneos*]" = "iPhone Developer";
				COPY_PHASE_STRIP = NO;
				DEBUG_INFORMATION_FORMAT = dwarf;
				ENABLE_STRICT_OBJC_MSGSEND = YES;
				ENABLE_TESTABILITY = YES;
				GCC_C_LANGUAGE_STANDARD = gnu99;
				GCC_DYNAMIC_NO_PIC = NO;
				GCC_NO_COMMON_BLOCKS = YES;
				GCC_OPTIMIZATION_LEVEL = 0;
				GCC_PREPROCESSOR_DEFINITIONS = (
					"DEBUG=1",
					"$(inherited)",
				);
				GCC_WARN_64_TO_32_BIT_CONVERSION = YES;
				GCC_WARN_ABOUT_RETURN_TYPE = YES_ERROR;
				GCC_WARN_UNDECLARED_SELECTOR = YES;
				GCC_WARN_UNINITIALIZED_AUTOS = YES_AGGRESSIVE;
				GCC_WARN_UNUSED_FUNCTION = YES;
				GCC_WARN_UNUSED_VARIABLE = YES;
				IPHONEOS_DEPLOYMENT_TARGET = 10.3;
				MTL_ENABLE_DEBUG_INFO = YES;
				ONLY_ACTIVE_ARCH = YES;
				SDKROOT = iphoneos;
				SWIFT_ACTIVE_COMPILATION_CONDITIONS = DEBUG;
				SWIFT_OPTIMIZATION_LEVEL = "-Onone";
				TARGETED_DEVICE_FAMILY = 2;
			};
			name = Debug;
		};
		994EA7A81F224BDE00EB9F08 /* Release */ = {
			isa = XCBuildConfiguration;
			buildSettings = {
				ALWAYS_SEARCH_USER_PATHS = NO;
				CLANG_ANALYZER_NONNULL = YES;
				CLANG_ANALYZER_NUMBER_OBJECT_CONVERSION = YES_AGGRESSIVE;
				CLANG_CXX_LANGUAGE_STANDARD = "gnu++0x";
				CLANG_CXX_LIBRARY = "libc++";
				CLANG_ENABLE_MODULES = YES;
				CLANG_ENABLE_OBJC_ARC = YES;
				CLANG_WARN_BOOL_CONVERSION = YES;
				CLANG_WARN_CONSTANT_CONVERSION = YES;
				CLANG_WARN_DIRECT_OBJC_ISA_USAGE = YES_ERROR;
				CLANG_WARN_DOCUMENTATION_COMMENTS = YES;
				CLANG_WARN_EMPTY_BODY = YES;
				CLANG_WARN_ENUM_CONVERSION = YES;
				CLANG_WARN_INFINITE_RECURSION = YES;
				CLANG_WARN_INT_CONVERSION = YES;
				CLANG_WARN_OBJC_ROOT_CLASS = YES_ERROR;
				CLANG_WARN_SUSPICIOUS_MOVE = YES;
				CLANG_WARN_UNREACHABLE_CODE = YES;
				CLANG_WARN__DUPLICATE_METHOD_MATCH = YES;
				"CODE_SIGN_IDENTITY[sdk=iphoneos*]" = "iPhone Developer";
				COPY_PHASE_STRIP = NO;
				DEBUG_INFORMATION_FORMAT = "dwarf-with-dsym";
				ENABLE_NS_ASSERTIONS = NO;
				ENABLE_STRICT_OBJC_MSGSEND = YES;
				GCC_C_LANGUAGE_STANDARD = gnu99;
				GCC_NO_COMMON_BLOCKS = YES;
				GCC_WARN_64_TO_32_BIT_CONVERSION = YES;
				GCC_WARN_ABOUT_RETURN_TYPE = YES_ERROR;
				GCC_WARN_UNDECLARED_SELECTOR = YES;
				GCC_WARN_UNINITIALIZED_AUTOS = YES_AGGRESSIVE;
				GCC_WARN_UNUSED_FUNCTION = YES;
				GCC_WARN_UNUSED_VARIABLE = YES;
				IPHONEOS_DEPLOYMENT_TARGET = 10.3;
				MTL_ENABLE_DEBUG_INFO = NO;
				SDKROOT = iphoneos;
				SWIFT_OPTIMIZATION_LEVEL = "-Owholemodule";
				TARGETED_DEVICE_FAMILY = 2;
				VALIDATE_PRODUCT = YES;
			};
			name = Release;
		};
		994EA7AA1F224BDE00EB9F08 /* Debug */ = {
			isa = XCBuildConfiguration;
			buildSettings = {
				ASSETCATALOG_COMPILER_APPICON_NAME = AppIcon;
				INFOPLIST_FILE = Project8/Info.plist;
				LD_RUNPATH_SEARCH_PATHS = "$(inherited) @executable_path/Frameworks";
				PRODUCT_BUNDLE_IDENTIFIER = com.rodrigoffhws.Project8;
				PRODUCT_NAME = "$(TARGET_NAME)";
				SWIFT_VERSION = 3.0;
			};
			name = Debug;
		};
		994EA7AB1F224BDE00EB9F08 /* Release */ = {
			isa = XCBuildConfiguration;
			buildSettings = {
				ASSETCATALOG_COMPILER_APPICON_NAME = AppIcon;
				INFOPLIST_FILE = Project8/Info.plist;
				LD_RUNPATH_SEARCH_PATHS = "$(inherited) @executable_path/Frameworks";
				PRODUCT_BUNDLE_IDENTIFIER = com.rodrigoffhws.Project8;
				PRODUCT_NAME = "$(TARGET_NAME)";
				SWIFT_VERSION = 3.0;
			};
			name = Release;
		};
/* End XCBuildConfiguration section */

/* Begin XCConfigurationList section */
		994EA7921F224BDE00EB9F08 /* Build configuration list for PBXProject "Project8" */ = {
			isa = XCConfigurationList;
			buildConfigurations = (
				994EA7A71F224BDE00EB9F08 /* Debug */,
				994EA7A81F224BDE00EB9F08 /* Release */,
			);
			defaultConfigurationIsVisible = 0;
			defaultConfigurationName = Release;
		};
		994EA7A91F224BDE00EB9F08 /* Build configuration list for PBXNativeTarget "Project8" */ = {
			isa = XCConfigurationList;
			buildConfigurations = (
				994EA7AA1F224BDE00EB9F08 /* Debug */,
				994EA7AB1F224BDE00EB9F08 /* Release */,
			);
			defaultConfigurationIsVisible = 0;
			defaultConfigurationName = Release;
		};
/* End XCConfigurationList section */
	};
	rootObject = 994EA78F1F224BDE00EB9F08 /* Project object */;
}
