// !$*UTF8*$!
{
	archiveVersion = 1;
	classes = {
	};
	objectVersion = 46;
	objects = {

/* Begin PBXBuildFile section */
		99237E401F222CA6007E2014 /* AppDelegate.swift in Sources */ = {isa = PBXBuildFile; fileRef = 99237E3F1F222CA6007E2014 /* AppDelegate.swift */; };
		99237E421F222CA6007E2014 /* ViewController.swift in Sources */ = {isa = PBXBuildFile; fileRef = 99237E411F222CA6007E2014 /* ViewController.swift */; };
		99237E451F222CA6007E2014 /* Main.storyboard in Resources */ = {isa = PBXBuildFile; fileRef = 99237E431F222CA6007E2014 /* Main.storyboard */; };
		99237E471F222CA6007E2014 /* Assets.xcassets in Resources */ = {isa = PBXBuildFile; fileRef = 99237E461F222CA6007E2014 /* Assets.xcassets */; };
		99237E4A1F222CA6007E2014 /* LaunchScreen.storyboard in Resources */ = {isa = PBXBuildFile; fileRef = 99237E481F222CA6007E2014 /* LaunchScreen.storyboard */; };
		994EA78B1F22374100EB9F08 /* SwiftyJSON.swift in Sources */ = {isa = PBXBuildFile; fileRef = 994EA78A1F22374100EB9F08 /* SwiftyJSON.swift */; };
		994EA78D1F2244C300EB9F08 /* DetailViewController.swift in Sources */ = {isa = PBXBuildFile; fileRef = 994EA78C1F2244C300EB9F08 /* DetailViewController.swift */; };
/* End PBXBuildFile section */

/* Begin PBXFileReference section */
		99237E3C1F222CA6007E2014 /* Project9.app */ = {isa = PBXFileReference; explicitFileType = wrapper.application; includeInIndex = 0; path = Project9.app; sourceTree = BUILT_PRODUCTS_DIR; };
		99237E3F1F222CA6007E2014 /* AppDelegate.swift */ = {isa = PBXFileReference; lastKnownFileType = sourcecode.swift; path = AppDelegate.swift; sourceTree = "<group>"; };
		99237E411F222CA6007E2014 /* ViewController.swift */ = {isa = PBXFileReference; lastKnownFileType = sourcecode.swift; path = ViewController.swift; sourceTree = "<group>"; };
		99237E441F222CA6007E2014 /* Base */ = {isa = PBXFileReference; lastKnownFileType = file.storyboard; name = Base; path = Base.lproj/Main.storyboard; sourceTree = "<group>"; };
		99237E461F222CA6007E2014 /* Assets.xcassets */ = {isa = PBXFileReference; lastKnownFileType = folder.assetcatalog; path = Assets.xcassets; sourceTree = "<group>"; };
		99237E491F222CA6007E2014 /* Base */ = {isa = PBXFileReference; lastKnownFileType = file.storyboard; name = Base; path = Base.lproj/LaunchScreen.storyboard; sourceTree = "<group>"; };
		99237E4B1F222CA6007E2014 /* Info.plist */ = {isa = PBXFileReference; lastKnownFileType = text.plist.xml; path = Info.plist; sourceTree = "<group>"; };
		994EA78A1F22374100EB9F08 /* SwiftyJSON.swift */ = {isa = PBXFileReference; fileEncoding = 4; lastKnownFileType = sourcecode.swift; path = SwiftyJSON.swift; sourceTree = "<group>"; };
		994EA78C1F2244C300EB9F08 /* DetailViewController.swift */ = {isa = PBXFileReference; fileEncoding = 4; lastKnownFileType = sourcecode.swift; path = DetailViewController.swift; sourceTree = "<group>"; };
/* End PBXFileReference section */

/* Begin PBXFrameworksBuildPhase section */
		99237E391F222CA6007E2014 /* Frameworks */ = {
			isa = PBXFrameworksBuildPhase;
			buildActionMask = 2147483647;
			files = (
			);
			runOnlyForDeploymentPostprocessing = 0;
		};
/* End PBXFrameworksBuildPhase section */

/* Begin PBXGroup section */
		99237E331F222CA6007E2014 = {
			isa = PBXGroup;
			children = (
				99237E3E1F222CA6007E2014 /* Project9 */,
				99237E3D1F222CA6007E2014 /* Products */,
			);
			sourceTree = "<group>";
		};
		99237E3D1F222CA6007E2014 /* Products */ = {
			isa = PBXGroup;
			children = (
				99237E3C1F222CA6007E2014 /* Project9.app */,
			);
			name = Products;
			sourceTree = "<group>";
		};
		99237E3E1F222CA6007E2014 /* Project9 */ = {
			isa = PBXGroup;
			children = (
				99237E3F1F222CA6007E2014 /* AppDelegate.swift */,
				99237E411F222CA6007E2014 /* ViewController.swift */,
				994EA78C1F2244C300EB9F08 /* DetailViewController.swift */,
				99237E431F222CA6007E2014 /* Main.storyboard */,
				99237E461F222CA6007E2014 /* Assets.xcassets */,
				99237E481F222CA6007E2014 /* LaunchScreen.storyboard */,
				99237E4B1F222CA6007E2014 /* Info.plist */,
				994EA78A1F22374100EB9F08 /* SwiftyJSON.swift */,
			);
			name = Project9;
			path = Project9;
			sourceTree = "<group>";
		};
/* End PBXGroup section */

/* Begin PBXNativeTarget section */
		99237E3B1F222CA6007E2014 /* Project9 */ = {
			isa = PBXNativeTarget;
			buildConfigurationList = 99237E4E1F222CA6007E2014 /* Build configuration list for PBXNativeTarget "Project9" */;
			buildPhases = (
				99237E381F222CA6007E2014 /* Sources */,
				99237E391F222CA6007E2014 /* Frameworks */,
				99237E3A1F222CA6007E2014 /* Resources */,
			);
			buildRules = (
			);
			dependencies = (
			);
			name = Project9;
			productName = Project9;
			productReference = 99237E3C1F222CA6007E2014 /* Project9.app */;
			productType = "com.apple.product-type.application";
		};
/* End PBXNativeTarget section */

/* Begin PBXProject section */
		99237E341F222CA6007E2014 /* Project object */ = {
			isa = PBXProject;
			attributes = {
				LastSwiftUpdateCheck = 0830;
				LastUpgradeCheck = 0830;
				ORGANIZATIONNAME = "Rodrigo F. Fernandes";
				TargetAttributes = {
					99237E3B1F222CA6007E2014 = {
						CreatedOnToolsVersion = 8.3.3;
						ProvisioningStyle = Automatic;
					};
				};
			};
			buildConfigurationList = 99237E371F222CA6007E2014 /* Build configuration list for PBXProject "Project9" */;
			compatibilityVersion = "Xcode 3.2";
			developmentRegion = English;
			hasScannedForEncodings = 0;
			knownRegions = (
				en,
				Base,
			);
			mainGroup = 99237E331F222CA6007E2014;
			productRefGroup = 99237E3D1F222CA6007E2014 /* Products */;
			projectDirPath = "";
			projectRoot = "";
			targets = (
				99237E3B1F222CA6007E2014 /* Project9 */,
			);
		};
/* End PBXProject section */

/* Begin PBXResourcesBuildPhase section */
		99237E3A1F222CA6007E2014 /* Resources */ = {
			isa = PBXResourcesBuildPhase;
			buildActionMask = 2147483647;
			files = (
				99237E4A1F222CA6007E2014 /* LaunchScreen.storyboard in Resources */,
				99237E471F222CA6007E2014 /* Assets.xcassets in Resources */,
				99237E451F222CA6007E2014 /* Main.storyboard in Resources */,
			);
			runOnlyForDeploymentPostprocessing = 0;
		};
/* End PBXResourcesBuildPhase section */

/* Begin PBXSourcesBuildPhase section */
		99237E381F222CA6007E2014 /* Sources */ = {
			isa = PBXSourcesBuildPhase;
			buildActionMask = 2147483647;
			files = (
				994EA78B1F22374100EB9F08 /* SwiftyJSON.swift in Sources */,
				99237E421F222CA6007E2014 /* ViewController.swift in Sources */,
				99237E401F222CA6007E2014 /* AppDelegate.swift in Sources */,
				994EA78D1F2244C300EB9F08 /* DetailViewController.swift in Sources */,
			);
			runOnlyForDeploymentPostprocessing = 0;
		};
/* End PBXSourcesBuildPhase section */

/* Begin PBXVariantGroup section */
		99237E431F222CA6007E2014 /* Main.storyboard */ = {
			isa = PBXVariantGroup;
			children = (
				99237E441F222CA6007E2014 /* Base */,
			);
			name = Main.storyboard;
			sourceTree = "<group>";
		};
		99237E481F222CA6007E2014 /* LaunchScreen.storyboard */ = {
			isa = PBXVariantGroup;
			children = (
				99237E491F222CA6007E2014 /* Base */,
			);
			name = LaunchScreen.storyboard;
			sourceTree = "<group>";
		};
/* End PBXVariantGroup section */

/* Begin XCBuildConfiguration section */
		99237E4C1F222CA6007E2014 /* Debug */ = {
			isa = XCBuildConfiguration;
			buildSettings = {
				ALWAYS_SEARCH_USER_PATHS = NO;
				CLANG_ANALYZER_NONNULL = YES;
				CLANG_ANALYZER_NUMBER_OBJECT_CONVERSION = YES_AGGRESSIVE;
				CLANG_CXX_LANGUAGE_STANDARD = "gnu++0x";
				CLANG_CXX_LIBRARY = "libc++";
				CLANG_ENABLE_MODULES = YES;
				CLANG_ENABLE_OBJC_ARC = YES;
				CLANG_WARN_BOOL_CONVERSION = YES;
				CLANG_WARN_CONSTANT_CONVERSION = YES;
				CLANG_WARN_DIRECT_OBJC_ISA_USAGE = YES_ERROR;
				CLANG_WARN_DOCUMENTATION_COMMENTS = YES;
				CLANG_WARN_EMPTY_BODY = YES;
				CLANG_WARN_ENUM_CONVERSION = YES;
				CLANG_WARN_INFINITE_RECURSION = YES;
				CLANG_WARN_INT_CONVERSION = YES;
				CLANG_WARN_OBJC_ROOT_CLASS = YES_ERROR;
				CLANG_WARN_SUSPICIOUS_MOVE = YES;
				CLANG_WARN_UNREACHABLE_CODE = YES;
				CLANG_WARN__DUPLICATE_METHOD_MATCH = YES;
				"CODE_SIGN_IDENTITY[sdk=iphoneos*]" = "iPhone Developer";
				COPY_PHASE_STRIP = NO;
				DEBUG_INFORMATION_FORMAT = dwarf;
				ENABLE_STRICT_OBJC_MSGSEND = YES;
				ENABLE_TESTABILITY = YES;
				GCC_C_LANGUAGE_STANDARD = gnu99;
				GCC_DYNAMIC_NO_PIC = NO;
				GCC_NO_COMMON_BLOCKS = YES;
				GCC_OPTIMIZATION_LEVEL = 0;
				GCC_PREPROCESSOR_DEFINITIONS = (
					"DEBUG=1",
					"$(inherited)",
				);
				GCC_WARN_64_TO_32_BIT_CONVERSION = YES;
				GCC_WARN_ABOUT_RETURN_TYPE = YES_ERROR;
				GCC_WARN_UNDECLARED_SELECTOR = YES;
				GCC_WARN_UNINITIALIZED_AUTOS = YES_AGGRESSIVE;
				GCC_WARN_UNUSED_FUNCTION = YES;
				GCC_WARN_UNUSED_VARIABLE = YES;
				IPHONEOS_DEPLOYMENT_TARGET = 10.3;
				MTL_ENABLE_DEBUG_INFO = YES;
				ONLY_ACTIVE_ARCH = YES;
				SDKROOT = iphoneos;
				SWIFT_ACTIVE_COMPILATION_CONDITIONS = DEBUG;
				SWIFT_OPTIMIZATION_LEVEL = "-Onone";
			};
			name = Debug;
		};
		99237E4D1F222CA6007E2014 /* Release */ = {
			isa = XCBuildConfiguration;
			buildSettings = {
				ALWAYS_SEARCH_USER_PATHS = NO;
				CLANG_ANALYZER_NONNULL = YES;
				CLANG_ANALYZER_NUMBER_OBJECT_CONVERSION = YES_AGGRESSIVE;
				CLANG_CXX_LANGUAGE_STANDARD = "gnu++0x";
				CLANG_CXX_LIBRARY = "libc++";
				CLANG_ENABLE_MODULES = YES;
				CLANG_ENABLE_OBJC_ARC = YES;
				CLANG_WARN_BOOL_CONVERSION = YES;
				CLANG_WARN_CONSTANT_CONVERSION = YES;
				CLANG_WARN_DIRECT_OBJC_ISA_USAGE = YES_ERROR;
				CLANG_WARN_DOCUMENTATION_COMMENTS = YES;
				CLANG_WARN_EMPTY_BODY = YES;
				CLANG_WARN_ENUM_CONVERSION = YES;
				CLANG_WARN_INFINITE_RECURSION = YES;
				CLANG_WARN_INT_CONVERSION = YES;
				CLANG_WARN_OBJC_ROOT_CLASS = YES_ERROR;
				CLANG_WARN_SUSPICIOUS_MOVE = YES;
				CLANG_WARN_UNREACHABLE_CODE = YES;
				CLANG_WARN__DUPLICATE_METHOD_MATCH = YES;
				"CODE_SIGN_IDENTITY[sdk=iphoneos*]" = "iPhone Developer";
				COPY_PHASE_STRIP = NO;
				DEBUG_INFORMATION_FORMAT = "dwarf-with-dsym";
				ENABLE_NS_ASSERTIONS = NO;
				ENABLE_STRICT_OBJC_MSGSEND = YES;
				GCC_C_LANGUAGE_STANDARD = gnu99;
				GCC_NO_COMMON_BLOCKS = YES;
				GCC_WARN_64_TO_32_BIT_CONVERSION = YES;
				GCC_WARN_ABOUT_RETURN_TYPE = YES_ERROR;
				GCC_WARN_UNDECLARED_SELECTOR = YES;
				GCC_WARN_UNINITIALIZED_AUTOS = YES_AGGRESSIVE;
				GCC_WARN_UNUSED_FUNCTION = YES;
				GCC_WARN_UNUSED_VARIABLE = YES;
				IPHONEOS_DEPLOYMENT_TARGET = 10.3;
				MTL_ENABLE_DEBUG_INFO = NO;
				SDKROOT = iphoneos;
				SWIFT_OPTIMIZATION_LEVEL = "-Owholemodule";
				VALIDATE_PRODUCT = YES;
			};
			name = Release;
		};
		99237E4F1F222CA6007E2014 /* Debug */ = {
			isa = XCBuildConfiguration;
			buildSettings = {
				ASSETCATALOG_COMPILER_APPICON_NAME = AppIcon;
				INFOPLIST_FILE = Project9/Info.plist;
				LD_RUNPATH_SEARCH_PATHS = "$(inherited) @executable_path/Frameworks";
				PRODUCT_BUNDLE_IDENTIFIER = com.rodrigoffhws.Project9;
				PRODUCT_NAME = "$(TARGET_NAME)";
				SWIFT_VERSION = 3.0;
			};
			name = Debug;
		};
		99237E501F222CA6007E2014 /* Release */ = {
			isa = XCBuildConfiguration;
			buildSettings = {
				ASSETCATALOG_COMPILER_APPICON_NAME = AppIcon;
				INFOPLIST_FILE = Project9/Info.plist;
				LD_RUNPATH_SEARCH_PATHS = "$(inherited) @executable_path/Frameworks";
				PRODUCT_BUNDLE_IDENTIFIER = com.rodrigoffhws.Project9;
				PRODUCT_NAME = "$(TARGET_NAME)";
				SWIFT_VERSION = 3.0;
			};
			name = Release;
		};
/* End XCBuildConfiguration section */

/* Begin XCConfigurationList section */
		99237E371F222CA6007E2014 /* Build configuration list for PBXProject "Project9" */ = {
			isa = XCConfigurationList;
			buildConfigurations = (
				99237E4C1F222CA6007E2014 /* Debug */,
				99237E4D1F222CA6007E2014 /* Release */,
			);
			defaultConfigurationIsVisible = 0;
			defaultConfigurationName = Release;
		};
		99237E4E1F222CA6007E2014 /* Build configuration list for PBXNativeTarget "Project9" */ = {
			isa = XCConfigurationList;
			buildConfigurations = (
				99237E4F1F222CA6007E2014 /* Debug */,
				99237E501F222CA6007E2014 /* Release */,
			);
			defaultConfigurationIsVisible = 0;
			defaultConfigurationName = Release;
		};
/* End XCConfigurationList section */
	};
	rootObject = 99237E341F222CA6007E2014 /* Project object */;
}
